// !$*UTF8*$!
{
	archiveVersion = 1;
	classes = {
	};
	objectVersion = 46;
	objects = {

/* Begin PBXBuildFile section */
		CE844C71193EC741009ABDA6 /* Foundation.framework in Frameworks */ = {isa = PBXBuildFile; fileRef = CE844C70193EC741009ABDA6 /* Foundation.framework */; };
		CE844C73193EC741009ABDA6 /* CoreGraphics.framework in Frameworks */ = {isa = PBXBuildFile; fileRef = CE844C72193EC741009ABDA6 /* CoreGraphics.framework */; };
		CE844C75193EC741009ABDA6 /* UIKit.framework in Frameworks */ = {isa = PBXBuildFile; fileRef = CE844C74193EC741009ABDA6 /* UIKit.framework */; };
		CE844C7B193EC741009ABDA6 /* InfoPlist.strings in Resources */ = {isa = PBXBuildFile; fileRef = CE844C79193EC741009ABDA6 /* InfoPlist.strings */; };
		CE844C7D193EC741009ABDA6 /* main.m in Sources */ = {isa = PBXBuildFile; fileRef = CE844C7C193EC741009ABDA6 /* main.m */; };
		CE844C81193EC741009ABDA6 /* LGAppDelegate.m in Sources */ = {isa = PBXBuildFile; fileRef = CE844C80193EC741009ABDA6 /* LGAppDelegate.m */; };
		CE844C83193EC741009ABDA6 /* Images.xcassets in Resources */ = {isa = PBXBuildFile; fileRef = CE844C82193EC741009ABDA6 /* Images.xcassets */; };
		CE844C8A193EC741009ABDA6 /* XCTest.framework in Frameworks */ = {isa = PBXBuildFile; fileRef = CE844C89193EC741009ABDA6 /* XCTest.framework */; };
		CE844C8B193EC741009ABDA6 /* Foundation.framework in Frameworks */ = {isa = PBXBuildFile; fileRef = CE844C70193EC741009ABDA6 /* Foundation.framework */; };
		CE844C8C193EC741009ABDA6 /* UIKit.framework in Frameworks */ = {isa = PBXBuildFile; fileRef = CE844C74193EC741009ABDA6 /* UIKit.framework */; };
		CE844C94193EC741009ABDA6 /* InfoPlist.strings in Resources */ = {isa = PBXBuildFile; fileRef = CE844C92193EC741009ABDA6 /* InfoPlist.strings */; };
		CE844C96193EC741009ABDA6 /* LabelDemoTests.m in Sources */ = {isa = PBXBuildFile; fileRef = CE844C95193EC741009ABDA6 /* LabelDemoTests.m */; };
		CEAB7A1A193ECB7100BD9ECA /* UIColor+CustomColors.m in Sources */ = {isa = PBXBuildFile; fileRef = CEAB7A19193ECB7100BD9ECA /* UIColor+CustomColors.m */; };
/* End PBXBuildFile section */

/* Begin PBXContainerItemProxy section */
		CE844C8D193EC741009ABDA6 /* PBXContainerItemProxy */ = {
			isa = PBXContainerItemProxy;
			containerPortal = CE844C65193EC741009ABDA6 /* Project object */;
			proxyType = 1;
			remoteGlobalIDString = CE844C6C193EC741009ABDA6;
			remoteInfo = LabelDemo;
		};
/* End PBXContainerItemProxy section */

/* Begin PBXFileReference section */
		CE844C6D193EC741009ABDA6 /* LabelDemo.app */ = {isa = PBXFileReference; explicitFileType = wrapper.application; includeInIndex = 0; path = LabelDemo.app; sourceTree = BUILT_PRODUCTS_DIR; };
		CE844C70193EC741009ABDA6 /* Foundation.framework */ = {isa = PBXFileReference; lastKnownFileType = wrapper.framework; name = Foundation.framework; path = System/Library/Frameworks/Foundation.framework; sourceTree = SDKROOT; };
		CE844C72193EC741009ABDA6 /* CoreGraphics.framework */ = {isa = PBXFileReference; lastKnownFileType = wrapper.framework; name = CoreGraphics.framework; path = System/Library/Frameworks/CoreGraphics.framework; sourceTree = SDKROOT; };
		CE844C74193EC741009ABDA6 /* UIKit.framework */ = {isa = PBXFileReference; lastKnownFileType = wrapper.framework; name = UIKit.framework; path = System/Library/Frameworks/UIKit.framework; sourceTree = SDKROOT; };
		CE844C78193EC741009ABDA6 /* LabelDemo-Info.plist */ = {isa = PBXFileReference; lastKnownFileType = text.plist.xml; path = "LabelDemo-Info.plist"; sourceTree = "<group>"; };
		CE844C7A193EC741009ABDA6 /* en */ = {isa = PBXFileReference; lastKnownFileType = text.plist.strings; name = en; path = en.lproj/InfoPlist.strings; sourceTree = "<group>"; };
		CE844C7C193EC741009ABDA6 /* main.m */ = {isa = PBXFileReference; lastKnownFileType = sourcecode.c.objc; path = main.m; sourceTree = "<group>"; };
		CE844C7E193EC741009ABDA6 /* LabelDemo-Prefix.pch */ = {isa = PBXFileReference; lastKnownFileType = sourcecode.c.h; path = "LabelDemo-Prefix.pch"; sourceTree = "<group>"; };
		CE844C7F193EC741009ABDA6 /* LGAppDelegate.h */ = {isa = PBXFileReference; lastKnownFileType = sourcecode.c.h; path = LGAppDelegate.h; sourceTree = "<group>"; };
		CE844C80193EC741009ABDA6 /* LGAppDelegate.m */ = {isa = PBXFileReference; lastKnownFileType = sourcecode.c.objc; path = LGAppDelegate.m; sourceTree = "<group>"; };
		CE844C82193EC741009ABDA6 /* Images.xcassets */ = {isa = PBXFileReference; lastKnownFileType = folder.assetcatalog; path = Images.xcassets; sourceTree = "<group>"; };
		CE844C88193EC741009ABDA6 /* LabelDemoTests.xctest */ = {isa = PBXFileReference; explicitFileType = wrapper.cfbundle; includeInIndex = 0; path = LabelDemoTests.xctest; sourceTree = BUILT_PRODUCTS_DIR; };
		CE844C89193EC741009ABDA6 /* XCTest.framework */ = {isa = PBXFileReference; lastKnownFileType = wrapper.framework; name = XCTest.framework; path = Library/Frameworks/XCTest.framework; sourceTree = DEVELOPER_DIR; };
		CE844C91193EC741009ABDA6 /* LabelDemoTests-Info.plist */ = {isa = PBXFileReference; lastKnownFileType = text.plist.xml; path = "LabelDemoTests-Info.plist"; sourceTree = "<group>"; };
		CE844C93193EC741009ABDA6 /* en */ = {isa = PBXFileReference; lastKnownFileType = text.plist.strings; name = en; path = en.lproj/InfoPlist.strings; sourceTree = "<group>"; };
		CE844C95193EC741009ABDA6 /* LabelDemoTests.m */ = {isa = PBXFileReference; lastKnownFileType = sourcecode.c.objc; path = LabelDemoTests.m; sourceTree = "<group>"; };
		CEAB7A18193ECB7100BD9ECA /* UIColor+CustomColors.h */ = {isa = PBXFileReference; fileEncoding = 4; lastKnownFileType = sourcecode.c.h; path = "UIColor+CustomColors.h"; sourceTree = "<group>"; };
		CEAB7A19193ECB7100BD9ECA /* UIColor+CustomColors.m */ = {isa = PBXFileReference; fileEncoding = 4; lastKnownFileType = sourcecode.c.objc; path = "UIColor+CustomColors.m"; sourceTree = "<group>"; };
/* End PBXFileReference section */

/* Begin PBXFrameworksBuildPhase section */
		CE844C6A193EC741009ABDA6 /* Frameworks */ = {
			isa = PBXFrameworksBuildPhase;
			buildActionMask = 2147483647;
			files = (
				CE844C73193EC741009ABDA6 /* CoreGraphics.framework in Frameworks */,
				CE844C75193EC741009ABDA6 /* UIKit.framework in Frameworks */,
				CE844C71193EC741009ABDA6 /* Foundation.framework in Frameworks */,
			);
			runOnlyForDeploymentPostprocessing = 0;
		};
		CE844C85193EC741009ABDA6 /* Frameworks */ = {
			isa = PBXFrameworksBuildPhase;
			buildActionMask = 2147483647;
			files = (
				CE844C8A193EC741009ABDA6 /* XCTest.framework in Frameworks */,
				CE844C8C193EC741009ABDA6 /* UIKit.framework in Frameworks */,
				CE844C8B193EC741009ABDA6 /* Foundation.framework in Frameworks */,
			);
			runOnlyForDeploymentPostprocessing = 0;
		};
/* End PBXFrameworksBuildPhase section */

/* Begin PBXGroup section */
		CE844C64193EC741009ABDA6 = {
			isa = PBXGroup;
			children = (
				CE844C76193EC741009ABDA6 /* LabelDemo */,
				CE844C8F193EC741009ABDA6 /* LabelDemoTests */,
				CE844C6F193EC741009ABDA6 /* Frameworks */,
				CE844C6E193EC741009ABDA6 /* Products */,
			);
			sourceTree = "<group>";
		};
		CE844C6E193EC741009ABDA6 /* Products */ = {
			isa = PBXGroup;
			children = (
				CE844C6D193EC741009ABDA6 /* LabelDemo.app */,
				CE844C88193EC741009ABDA6 /* LabelDemoTests.xctest */,
			);
			name = Products;
			sourceTree = "<group>";
		};
		CE844C6F193EC741009ABDA6 /* Frameworks */ = {
			isa = PBXGroup;
			children = (
				CE844C70193EC741009ABDA6 /* Foundation.framework */,
				CE844C72193EC741009ABDA6 /* CoreGraphics.framework */,
				CE844C74193EC741009ABDA6 /* UIKit.framework */,
				CE844C89193EC741009ABDA6 /* XCTest.framework */,
			);
			name = Frameworks;
			sourceTree = "<group>";
		};
		CE844C76193EC741009ABDA6 /* LabelDemo */ = {
			isa = PBXGroup;
			children = (
				CEAB7A18193ECB7100BD9ECA /* UIColor+CustomColors.h */,
				CEAB7A19193ECB7100BD9ECA /* UIColor+CustomColors.m */,
				CE844C7F193EC741009ABDA6 /* LGAppDelegate.h */,
				CE844C80193EC741009ABDA6 /* LGAppDelegate.m */,
				CE844C82193EC741009ABDA6 /* Images.xcassets */,
				CE844C77193EC741009ABDA6 /* Supporting Files */,
			);
			path = LabelDemo;
			sourceTree = "<group>";
		};
		CE844C77193EC741009ABDA6 /* Supporting Files */ = {
			isa = PBXGroup;
			children = (
				CE844C78193EC741009ABDA6 /* LabelDemo-Info.plist */,
				CE844C79193EC741009ABDA6 /* InfoPlist.strings */,
				CE844C7C193EC741009ABDA6 /* main.m */,
				CE844C7E193EC741009ABDA6 /* LabelDemo-Prefix.pch */,
			);
			name = "Supporting Files";
			sourceTree = "<group>";
		};
		CE844C8F193EC741009ABDA6 /* LabelDemoTests */ = {
			isa = PBXGroup;
			children = (
				CE844C95193EC741009ABDA6 /* LabelDemoTests.m */,
				CE844C90193EC741009ABDA6 /* Supporting Files */,
			);
			path = LabelDemoTests;
			sourceTree = "<group>";
		};
		CE844C90193EC741009ABDA6 /* Supporting Files */ = {
			isa = PBXGroup;
			children = (
				CE844C91193EC741009ABDA6 /* LabelDemoTests-Info.plist */,
				CE844C92193EC741009ABDA6 /* InfoPlist.strings */,
			);
			name = "Supporting Files";
			sourceTree = "<group>";
		};
/* End PBXGroup section */

/* Begin PBXNativeTarget section */
		CE844C6C193EC741009ABDA6 /* LabelDemo */ = {
			isa = PBXNativeTarget;
			buildConfigurationList = CE844C99193EC741009ABDA6 /* Build configuration list for PBXNativeTarget "LabelDemo" */;
			buildPhases = (
				CE844C69193EC741009ABDA6 /* Sources */,
				CE844C6A193EC741009ABDA6 /* Frameworks */,
				CE844C6B193EC741009ABDA6 /* Resources */,
			);
			buildRules = (
			);
			dependencies = (
			);
			name = LabelDemo;
			productName = LabelDemo;
			productReference = CE844C6D193EC741009ABDA6 /* LabelDemo.app */;
			productType = "com.apple.product-type.application";
		};
		CE844C87193EC741009ABDA6 /* LabelDemoTests */ = {
			isa = PBXNativeTarget;
			buildConfigurationList = CE844C9C193EC741009ABDA6 /* Build configuration list for PBXNativeTarget "LabelDemoTests" */;
			buildPhases = (
				CE844C84193EC741009ABDA6 /* Sources */,
				CE844C85193EC741009ABDA6 /* Frameworks */,
				CE844C86193EC741009ABDA6 /* Resources */,
			);
			buildRules = (
			);
			dependencies = (
				CE844C8E193EC741009ABDA6 /* PBXTargetDependency */,
			);
			name = LabelDemoTests;
			productName = LabelDemoTests;
			productReference = CE844C88193EC741009ABDA6 /* LabelDemoTests.xctest */;
			productType = "com.apple.product-type.bundle.unit-test";
		};
/* End PBXNativeTarget section */

/* Begin PBXProject section */
		CE844C65193EC741009ABDA6 /* Project object */ = {
			isa = PBXProject;
			attributes = {
				CLASSPREFIX = LG;
				LastUpgradeCheck = 0510;
				ORGANIZATIONNAME = LG;
				TargetAttributes = {
					CE844C87193EC741009ABDA6 = {
						TestTargetID = CE844C6C193EC741009ABDA6;
					};
				};
			};
			buildConfigurationList = CE844C68193EC741009ABDA6 /* Build configuration list for PBXProject "LabelDemo" */;
			compatibilityVersion = "Xcode 3.2";
			developmentRegion = English;
			hasScannedForEncodings = 0;
			knownRegions = (
				en,
			);
			mainGroup = CE844C64193EC741009ABDA6;
			productRefGroup = CE844C6E193EC741009ABDA6 /* Products */;
			projectDirPath = "";
			projectRoot = "";
			targets = (
				CE844C6C193EC741009ABDA6 /* LabelDemo */,
				CE844C87193EC741009ABDA6 /* LabelDemoTests */,
			);
		};
/* End PBXProject section */

/* Begin PBXResourcesBuildPhase section */
		CE844C6B193EC741009ABDA6 /* Resources */ = {
			isa = PBXResourcesBuildPhase;
			buildActionMask = 2147483647;
			files = (
				CE844C7B193EC741009ABDA6 /* InfoPlist.strings in Resources */,
				CE844C83193EC741009ABDA6 /* Images.xcassets in Resources */,
			);
			runOnlyForDeploymentPostprocessing = 0;
		};
		CE844C86193EC741009ABDA6 /* Resources */ = {
			isa = PBXResourcesBuildPhase;
			buildActionMask = 2147483647;
			files = (
				CE844C94193EC741009ABDA6 /* InfoPlist.strings in Resources */,
			);
			runOnlyForDeploymentPostprocessing = 0;
		};
/* End PBXResourcesBuildPhase section */

/* Begin PBXSourcesBuildPhase section */
		CE844C69193EC741009ABDA6 /* Sources */ = {
			isa = PBXSourcesBuildPhase;
			buildActionMask = 2147483647;
			files = (
				CEAB7A1A193ECB7100BD9ECA /* UIColor+CustomColors.m in Sources */,
				CE844C7D193EC741009ABDA6 /* main.m in Sources */,
				CE844C81193EC741009ABDA6 /* LGAppDelegate.m in Sources */,
			);
			runOnlyForDeploymentPostprocessing = 0;
		};
		CE844C84193EC741009ABDA6 /* Sources */ = {
			isa = PBXSourcesBuildPhase;
			buildActionMask = 2147483647;
			files = (
				CE844C96193EC741009ABDA6 /* LabelDemoTests.m in Sources */,
			);
			runOnlyForDeploymentPostprocessing = 0;
		};
/* End PBXSourcesBuildPhase section */

/* Begin PBXTargetDependency section */
		CE844C8E193EC741009ABDA6 /* PBXTargetDependency */ = {
			isa = PBXTargetDependency;
			target = CE844C6C193EC741009ABDA6 /* LabelDemo */;
			targetProxy = CE844C8D193EC741009ABDA6 /* PBXContainerItemProxy */;
		};
/* End PBXTargetDependency section */

/* Begin PBXVariantGroup section */
		CE844C79193EC741009ABDA6 /* InfoPlist.strings */ = {
			isa = PBXVariantGroup;
			children = (
				CE844C7A193EC741009ABDA6 /* en */,
			);
			name = InfoPlist.strings;
			sourceTree = "<group>";
		};
		CE844C92193EC741009ABDA6 /* InfoPlist.strings */ = {
			isa = PBXVariantGroup;
			children = (
				CE844C93193EC741009ABDA6 /* en */,
			);
			name = InfoPlist.strings;
			sourceTree = "<group>";
		};
/* End PBXVariantGroup section */

/* Begin XCBuildConfiguration section */
		CE844C97193EC741009ABDA6 /* Debug */ = {
			isa = XCBuildConfiguration;
			buildSettings = {
				ALWAYS_SEARCH_USER_PATHS = NO;
				CLANG_CXX_LANGUAGE_STANDARD = "gnu++0x";
				CLANG_CXX_LIBRARY = "libc++";
				CLANG_ENABLE_MODULES = YES;
				CLANG_ENABLE_OBJC_ARC = YES;
				CLANG_WARN_BOOL_CONVERSION = YES;
				CLANG_WARN_CONSTANT_CONVERSION = YES;
				CLANG_WARN_DIRECT_OBJC_ISA_USAGE = YES_ERROR;
				CLANG_WARN_EMPTY_BODY = YES;
				CLANG_WARN_ENUM_CONVERSION = YES;
				CLANG_WARN_INT_CONVERSION = YES;
				CLANG_WARN_OBJC_ROOT_CLASS = YES_ERROR;
				CLANG_WARN__DUPLICATE_METHOD_MATCH = YES;
				"CODE_SIGN_IDENTITY[sdk=iphoneos*]" = "iPhone Developer";
				COPY_PHASE_STRIP = NO;
				GCC_C_LANGUAGE_STANDARD = gnu99;
				GCC_DYNAMIC_NO_PIC = NO;
				GCC_OPTIMIZATION_LEVEL = 0;
				GCC_PREPROCESSOR_DEFINITIONS = (
					"DEBUG=1",
					"$(inherited)",
				);
				GCC_SYMBOLS_PRIVATE_EXTERN = NO;
				GCC_WARN_64_TO_32_BIT_CONVERSION = YES;
				GCC_WARN_ABOUT_RETURN_TYPE = YES_ERROR;
				GCC_WARN_UNDECLARED_SELECTOR = YES;
				GCC_WARN_UNINITIALIZED_AUTOS = YES_AGGRESSIVE;
				GCC_WARN_UNUSED_FUNCTION = YES;
				GCC_WARN_UNUSED_VARIABLE = YES;
				IPHONEOS_DEPLOYMENT_TARGET = 7.1;
				ONLY_ACTIVE_ARCH = YES;
				SDKROOT = iphoneos;
			};
			name = Debug;
		};
		CE844C98193EC741009ABDA6 /* Release */ = {
			isa = XCBuildConfiguration;
			buildSettings = {
				ALWAYS_SEARCH_USER_PATHS = NO;
				CLANG_CXX_LANGUAGE_STANDARD = "gnu++0x";
				CLANG_CXX_LIBRARY = "libc++";
				CLANG_ENABLE_MODULES = YES;
				CLANG_ENABLE_OBJC_ARC = YES;
				CLANG_WARN_BOOL_CONVERSION = YES;
				CLANG_WARN_CONSTANT_CONVERSION = YES;
				CLANG_WARN_DIRECT_OBJC_ISA_USAGE = YES_ERROR;
				CLANG_WARN_EMPTY_BODY = YES;
				CLANG_WARN_ENUM_CONVERSION = YES;
				CLANG_WARN_INT_CONVERSION = YES;
				CLANG_WARN_OBJC_ROOT_CLASS = YES_ERROR;
				CLANG_WARN__DUPLICATE_METHOD_MATCH = YES;
				"CODE_SIGN_IDENTITY[sdk=iphoneos*]" = "iPhone Developer";
				COPY_PHASE_STRIP = YES;
				ENABLE_NS_ASSERTIONS = NO;
				GCC_C_LANGUAGE_STANDARD = gnu99;
				GCC_WARN_64_TO_32_BIT_CONVERSION = YES;
				GCC_WARN_ABOUT_RETURN_TYPE = YES_ERROR;
				GCC_WARN_UNDECLARED_SELECTOR = YES;
				GCC_WARN_UNINITIALIZED_AUTOS = YES_AGGRESSIVE;
				GCC_WARN_UNUSED_FUNCTION = YES;
				GCC_WARN_UNUSED_VARIABLE = YES;
				IPHONEOS_DEPLOYMENT_TARGET = 7.1;
				SDKROOT = iphoneos;
				VALIDATE_PRODUCT = YES;
			};
			name = Release;
		};
		CE844C9A193EC741009ABDA6 /* Debug */ = {
			isa = XCBuildConfiguration;
			buildSettings = {
				ASSETCATALOG_COMPILER_APPICON_NAME = AppIcon;
				ASSETCATALOG_COMPILER_LAUNCHIMAGE_NAME = LaunchImage;
				GCC_PRECOMPILE_PREFIX_HEADER = YES;
				GCC_PREFIX_HEADER = "LabelDemo/LabelDemo-Prefix.pch";
				INFOPLIST_FILE = "LabelDemo/LabelDemo-Info.plist";
				PRODUCT_NAME = "$(TARGET_NAME)";
				WRAPPER_EXTENSION = app;
			};
			name = Debug;
		};
		CE844C9B193EC741009ABDA6 /* Release */ = {
			isa = XCBuildConfiguration;
			buildSettings = {
				ASSETCATALOG_COMPILER_APPICON_NAME = AppIcon;
				ASSETCATALOG_COMPILER_LAUNCHIMAGE_NAME = LaunchImage;
				GCC_PRECOMPILE_PREFIX_HEADER = YES;
				GCC_PREFIX_HEADER = "LabelDemo/LabelDemo-Prefix.pch";
				INFOPLIST_FILE = "LabelDemo/LabelDemo-Info.plist";
				PRODUCT_NAME = "$(TARGET_NAME)";
				WRAPPER_EXTENSION = app;
			};
			name = Release;
		};
		CE844C9D193EC741009ABDA6 /* Debug */ = {
			isa = XCBuildConfiguration;
			buildSettings = {
				BUNDLE_LOADER = "$(BUILT_PRODUCTS_DIR)/LabelDemo.app/LabelDemo";
				FRAMEWORK_SEARCH_PATHS = (
					"$(SDKROOT)/Developer/Library/Frameworks",
					"$(inherited)",
					"$(DEVELOPER_FRAMEWORKS_DIR)",
				);
				GCC_PRECOMPILE_PREFIX_HEADER = YES;
				GCC_PREFIX_HEADER = "LabelDemo/LabelDemo-Prefix.pch";
				GCC_PREPROCESSOR_DEFINITIONS = (
					"DEBUG=1",
					"$(inherited)",
				);
				INFOPLIST_FILE = "LabelDemoTests/LabelDemoTests-Info.plist";
				PRODUCT_NAME = "$(TARGET_NAME)";
				TEST_HOST = "$(BUNDLE_LOADER)";
				WRAPPER_EXTENSION = xctest;
			};
			name = Debug;
		};
		CE844C9E193EC741009ABDA6 /* Release */ = {
			isa = XCBuildConfiguration;
			buildSettings = {
				BUNDLE_LOADER = "$(BUILT_PRODUCTS_DIR)/LabelDemo.app/LabelDemo";
				FRAMEWORK_SEARCH_PATHS = (
					"$(SDKROOT)/Developer/Library/Frameworks",
					"$(inherited)",
					"$(DEVELOPER_FRAMEWORKS_DIR)",
				);
				GCC_PRECOMPILE_PREFIX_HEADER = YES;
				GCC_PREFIX_HEADER = "LabelDemo/LabelDemo-Prefix.pch";
				INFOPLIST_FILE = "LabelDemoTests/LabelDemoTests-Info.plist";
				PRODUCT_NAME = "$(TARGET_NAME)";
				TEST_HOST = "$(BUNDLE_LOADER)";
				WRAPPER_EXTENSION = xctest;
			};
			name = Release;
		};
/* End XCBuildConfiguration section */

/* Begin XCConfigurationList section */
		CE844C68193EC741009ABDA6 /* Build configuration list for PBXProject "LabelDemo" */ = {
			isa = XCConfigurationList;
			buildConfigurations = (
				CE844C97193EC741009ABDA6 /* Debug */,
				CE844C98193EC741009ABDA6 /* Release */,
			);
			defaultConfigurationIsVisible = 0;
			defaultConfigurationName = Release;
		};
		CE844C99193EC741009ABDA6 /* Build configuration list for PBXNativeTarget "LabelDemo" */ = {
			isa = XCConfigurationList;
			buildConfigurations = (
				CE844C9A193EC741009ABDA6 /* Debug */,
				CE844C9B193EC741009ABDA6 /* Release */,
			);
			defaultConfigurationIsVisible = 0;
			defaultConfigurationName = Release;
		};
		CE844C9C193EC741009ABDA6 /* Build configuration list for PBXNativeTarget "LabelDemoTests" */ = {
			isa = XCConfigurationList;
			buildConfigurations = (
				CE844C9D193EC741009ABDA6 /* Debug */,
				CE844C9E193EC741009ABDA6 /* Release */,
			);
			defaultConfigurationIsVisible = 0;
			defaultConfigurationName = Release;
		};
/* End XCConfigurationList section */
	};
	rootObject = CE844C65193EC741009ABDA6 /* Project object */;
}
